Microsoft Visual Studio Solution File, Format Version 12.00
# Visual Studio Version 18
VisualStudioVersion = 18.10.12217.157 stable
MinimumVisualStudioVersion = 10.0.40219.1
Project("{2150E333-8FDC-42A3-9474-1A3956D46DE8}") = "src", "src", "{827E0CD3-B72D-47B6-A68D-7590B98EB39B}"
EndProject
Project("{2150E333-8FDC-42A3-9474-1A3956D46DE8}") = "tests", "tests", "{0AB3BF05-4346-4AA6-1389-037BE0695223}"
EndProject
Project("{2150E333-8FDC-42A3-9474-1A3956D46DE8}") = "server", "server", "{E6B48023-E680-40DA-9E17-319585C26937}"
EndProject
Project("{2150E333-8FDC-42A3-9474-1A3956D46DE8}") = "server", "server", "{87008D2B-D29E-68B5-A223-E2B1CD68373E}"
EndProject
Project("{FAE04EC0-301F-11D3-BF4B-00C04F79EFBC}") = "App01.Bootstrapper.Api", "src\server\App01\App01.Bootstrapper.Api\App01.Bootstrapper.Api.csproj", "{6BB5F78B-DC02-6FE6-B6A8-3ED4000DBB79}"
EndProject
Project("{2150E333-8FDC-42A3-9474-1A3956D46DE8}") = "App01", "App01", "{02EA681E-C7D8-13C7-8484-4AC65E1B71E8}"
EndProject
Project("{FAE04EC0-301F-11D3-BF4B-00C04F79EFBC}") = "App01.Modules.Lotto", "src\server\App01\App01.Modules.Lotto\App01.Modules.Lotto.csproj", "{B583AA1E-3063-F7AF-AEF1-5DAFF2714EEC}"
EndProject
Project("{FAE04EC0-301F-11D3-BF4B-00C04F79EFBC}") = "App01.Modules.Portal", "src\server\App01\App01.Modules.Portal\App01.Modules.Portal.csproj", "{94147232-E522-4FC9-4F1D-057C55E4FBC4}"
EndProject
Project("{FAE04EC0-301F-11D3-BF4B-00C04F79EFBC}") = "App01.Shared.Abstractions", "src\server\App01\App01.Shared.Abstractions\App01.Shared.Abstractions.csproj", "{38121A86-B31D-B5C2-5179-7E8729646D7F}"
EndProject
Project("{FAE04EC0-301F-11D3-BF4B-00C04F79EFBC}") = "App01.Shared.Application", "src\server\App01\App01.Shared.Application\App01.Shared.Application.csproj", "{BC829CE0-88A6-EB3A-70DF-0D1F7D75BD73}"
EndProject
Project("{FAE04EC0-301F-11D3-BF4B-00C04F79EFBC}") = "App01.Shared.Infrastructure", "src\server\App01\App01.Shared.Infrastructure\App01.Shared.Infrastructure.csproj", "{0023C1D1-DC24-2FD0-6ABE-5E94BC6CA726}"
EndProject
Project("{2150E333-8FDC-42A3-9474-1A3956D46DE8}") = "App01", "App01", "{D85FC547-00C4-4B78-AE5B-8040F1799FCA}"
EndProject
Project("{FAE04EC0-301F-11D3-BF4B-00C04F79EFBC}") = "App01.Bootstrapper.Api.Tests", "tests\server\App01\App01.Api.Tests\App01.Bootstrapper.Api.Tests.csproj", "{2B954633-8A0B-FD26-4636-3FAAEA35EDA5}"
EndProject
Project("{FAE04EC0-301F-11D3-BF4B-00C04F79EFBC}") = "App01.Modules.Flashcards", "src\server\App01\App01.Modules.Flashcards\App01.Modules.Flashcards.csproj", "{CA905249-4B86-4FE6-949B-67EC4C90B6E9}"
EndProject
Project("{FAE04EC0-301F-11D3-BF4B-00C04F79EFBC}") = "App01.Modules.Courses", "src\server\App01\App01.Modules.Courses\App01.Modules.Courses.csproj", "{DB47A018-62A5-4A39-8228-F9FD6CF631E9}"
EndProject
Global
	GlobalSection(SolutionConfigurationPlatforms) = preSolution
		Debug|Any CPU = Debug|Any CPU
		Release|Any CPU = Release|Any CPU
	EndGlobalSection
	GlobalSection(ProjectConfigurationPlatforms) = postSolution
		{6BB5F78B-DC02-6FE6-B6A8-3ED4000DBB79}.Debug|Any CPU.ActiveCfg = Debug|Any CPU
		{6BB5F78B-DC02-6FE6-B6A8-3ED4000DBB79}.Debug|Any CPU.Build.0 = Debug|Any CPU
		{6BB5F78B-DC02-6FE6-B6A8-3ED4000DBB79}.Release|Any CPU.ActiveCfg = Release|Any CPU
		{6BB5F78B-DC02-6FE6-B6A8-3ED4000DBB79}.Release|Any CPU.Build.0 = Release|Any CPU
		{B583AA1E-3063-F7AF-AEF1-5DAFF2714EEC}.Debug|Any CPU.ActiveCfg = Debug|Any CPU
		{B583AA1E-3063-F7AF-AEF1-5DAFF2714EEC}.Debug|Any CPU.Build.0 = Debug|Any CPU
		{B583AA1E-3063-F7AF-AEF1-5DAFF2714EEC}.Release|Any CPU.ActiveCfg = Release|Any CPU
		{B583AA1E-3063-F7AF-AEF1-5DAFF2714EEC}.Release|Any CPU.Build.0 = Release|Any CPU
		{94147232-E522-4FC9-4F1D-057C55E4FBC4}.Debug|Any CPU.ActiveCfg = Debug|Any CPU
		{94147232-E522-4FC9-4F1D-057C55E4FBC4}.Debug|Any CPU.Build.0 = Debug|Any CPU
		{94147232-E522-4FC9-4F1D-057C55E4FBC4}.Release|Any CPU.ActiveCfg = Release|Any CPU
		{94147232-E522-4FC9-4F1D-057C55E4FBC4}.Release|Any CPU.Build.0 = Release|Any CPU
		{38121A86-B31D-B5C2-5179-7E8729646D7F}.Debug|Any CPU.ActiveCfg = Debug|Any CPU
		{38121A86-B31D-B5C2-5179-7E8729646D7F}.Debug|Any CPU.Build.0 = Debug|Any CPU
		{38121A86-B31D-B5C2-5179-7E8729646D7F}.Release|Any CPU.ActiveCfg = Release|Any CPU
		{38121A86-B31D-B5C2-5179-7E8729646D7F}.Release|Any CPU.Build.0 = Release|Any CPU
		{BC829CE0-88A6-EB3A-70DF-0D1F7D75BD73}.Debug|Any CPU.ActiveCfg = Debug|Any CPU
		{BC829CE0-88A6-EB3A-70DF-0D1F7D75BD73}.Debug|Any CPU.Build.0 = Debug|Any CPU
		{BC829CE0-88A6-EB3A-70DF-0D1F7D75BD73}.Release|Any CPU.ActiveCfg = Release|Any CPU
		{BC829CE0-88A6-EB3A-70DF-0D1F7D75BD73}.Release|Any CPU.Build.0 = Release|Any CPU
		{0023C1D1-DC24-2FD0-6ABE-5E94BC6CA726}.Debug|Any CPU.ActiveCfg = Debug|Any CPU
		{0023C1D1-DC24-2FD0-6ABE-5E94BC6CA726}.Debug|Any CPU.Build.0 = Debug|Any CPU
		{0023C1D1-DC24-2FD0-6ABE-5E94BC6CA726}.Release|Any CPU.ActiveCfg = Release|Any CPU
		{0023C1D1-DC24-2FD0-6ABE-5E94BC6CA726}.Release|Any CPU.Build.0 = Release|Any CPU
		{2B954633-8A0B-FD26-4636-3FAAEA35EDA5}.Debug|Any CPU.ActiveCfg = Debug|Any CPU
		{2B954633-8A0B-FD26-4636-3FAAEA35EDA5}.Debug|Any CPU.Build.0 = Debug|Any CPU
		{2B954633-8A0B-FD26-4636-3FAAEA35EDA5}.Release|Any CPU.ActiveCfg = Release|Any CPU
		{2B954633-8A0B-FD26-4636-3FAAEA35EDA5}.Release|Any CPU.Build.0 = Release|Any CPU
		{CA905249-4B86-4FE6-949B-67EC4C90B6E9}.Debug|Any CPU.ActiveCfg = Debug|Any CPU
		{CA905249-4B86-4FE6-949B-67EC4C90B6E9}.Debug|Any CPU.Build.0 = Debug|Any CPU
		{CA905249-4B86-4FE6-949B-67EC4C90B6E9}.Release|Any CPU.ActiveCfg = Release|Any CPU
		{CA905249-4B86-4FE6-949B-67EC4C90B6E9}.Release|Any CPU.Build.0 = Release|Any CPU
		{DB47A018-62A5-4A39-8228-F9FD6CF631E9}.Debug|Any CPU.ActiveCfg = Debug|Any CPU
		{DB47A018-62A5-4A39-8228-F9FD6CF631E9}.Debug|Any CPU.Build.0 = Debug|Any CPU
		{DB47A018-62A5-4A39-8228-F9FD6CF631E9}.Release|Any CPU.ActiveCfg = Release|Any CPU
		{DB47A018-62A5-4A39-8228-F9FD6CF631E9}.Release|Any CPU.Build.0 = Release|Any CPU
	EndGlobalSection
	GlobalSection(SolutionProperties) = preSolution
		HideSolutionNode = FALSE
	EndGlobalSection
	GlobalSection(NestedProjects) = preSolution
		{E6B48023-E680-40DA-9E17-319585C26937} = {827E0CD3-B72D-47B6-A68D-7590B98EB39B}
		{87008D2B-D29E-68B5-A223-E2B1CD68373E} = {0AB3BF05-4346-4AA6-1389-037BE0695223}
		{6BB5F78B-DC02-6FE6-B6A8-3ED4000DBB79} = {02EA681E-C7D8-13C7-8484-4AC65E1B71E8}
		{02EA681E-C7D8-13C7-8484-4AC65E1B71E8} = {E6B48023-E680-40DA-9E17-319585C26937}
		{B583AA1E-3063-F7AF-AEF1-5DAFF2714EEC} = {02EA681E-C7D8-13C7-8484-4AC65E1B71E8}
		{94147232-E522-4FC9-4F1D-057C55E4FBC4} = {02EA681E-C7D8-13C7-8484-4AC65E1B71E8}
		{38121A86-B31D-B5C2-5179-7E8729646D7F} = {02EA681E-C7D8-13C7-8484-4AC65E1B71E8}
		{BC829CE0-88A6-EB3A-70DF-0D1F7D75BD73} = {02EA681E-C7D8-13C7-8484-4AC65E1B71E8}
		{0023C1D1-DC24-2FD0-6ABE-5E94BC6CA726} = {02EA681E-C7D8-13C7-8484-4AC65E1B71E8}
		{D85FC547-00C4-4B78-AE5B-8040F1799FCA} = {87008D2B-D29E-68B5-A223-E2B1CD68373E}
		{2B954633-8A0B-FD26-4636-3FAAEA35EDA5} = {D85FC547-00C4-4B78-AE5B-8040F1799FCA}
		{CA905249-4B86-4FE6-949B-67EC4C90B6E9} = {02EA681E-C7D8-13C7-8484-4AC65E1B71E8}
		{DB47A018-62A5-4A39-8228-F9FD6CF631E9} = {02EA681E-C7D8-13C7-8484-4AC65E1B71E8}
	EndGlobalSection
	GlobalSection(ExtensibilityGlobals) = postSolution
		SolutionGuid = {0B7ABFB7-C174-43FF-9E9F-6C6E60B7E57A}
	EndGlobalSection
EndGlobal
